<?xml version="1.0" encoding="utf-8"?>
<Project ToolsVersion="4.0" xmlns="http://schemas.microsoft.com/developer/msbuild/2003">
  <ItemGroup>
    <ClCompile Include="source\memory.cpp" />
    <ClCompile Include="source\core.cpp" />
    <ClCompile Include="source\dllmain.cpp" />
    <ClCompile Include="source\print.cpp" />
    <ClCompile Include="source\SigScan\SigScan.cpp">
      <Filter>SigScan</Filter>
    </ClCompile>
  </ItemGroup>
  <ItemGroup>
    <ClInclude Include="source\memory.h" />
    <ClInclude Include="source\ini.h" />
    <ClInclude Include="source\game_classes.h" />
    <ClInclude Include="source\print.h" />
    <ClInclude Include="source\core.h" />
    <ClInclude Include="source\time_tools.h" />
    <ClInclude Include="source\SigScan\SigScan.h">
      <Filter>SigScan</Filter>
    </ClInclude>
    <ClInclude Include="source\SigScan\StaticOffsets.h">
      <Filter>SigScan</Filter>
    </ClInclude>
  </ItemGroup>
  <ItemGroup>
    <Filter Include="SigScan">
      <UniqueIdentifier>{525740fe-17a7-431f-b020-720a1dc32e07}</UniqueIdentifier>
    </Filter>
  </ItemGroup>
</Project>